// !$*UTF8*$!
{
	archiveVersion = 1;
	classes = {
	};
	objectVersion = 70;
	objects = {

/* Begin PBXBuildFile section */
		089AB07C2ECBCB4400BA2AE4 /* ParseLiveQuery in Frameworks */ = {isa = PBXBuildFile; productRef = 089AB07B2ECBCB4400BA2AE4 /* ParseLiveQuery */; };
		089AB07E2ECBCB4400BA2AE4 /* ParseObjC in Frameworks */ = {isa = PBXBuildFile; productRef = 089AB07D2ECBCB4400BA2AE4 /* ParseObjC */; };
		3DD5559F2EBC3E4400F8C4E2 /* JourneyApp.swift in Sources */ = {isa = PBXBuildFile; fileRef = 3DD5559E2EBC3E4400F8C4E2 /* JourneyApp.swift */; };
		3DD555A12EBC3E4400F8C4E2 /* ContentView.swift in Sources */ = {isa = PBXBuildFile; fileRef = 3DD555A02EBC3E4400F8C4E2 /* ContentView.swift */; };
		3DD555A32EBC3E4900F8C4E2 /* Assets.xcassets in Resources */ = {isa = PBXBuildFile; fileRef = 3DD555A22EBC3E4900F8C4E2 /* Assets.xcassets */; };
		3DD555A62EBC3E4900F8C4E2 /* Preview Assets.xcassets in Resources */ = {isa = PBXBuildFile; fileRef = 3DD555A52EBC3E4900F8C4E2 /* Preview Assets.xcassets */; };
/* End PBXBuildFile section */

/* Begin PBXFileReference section */
		3DD5559B2EBC3E4400F8C4E2 /* Journey.app */ = {isa = PBXFileReference; explicitFileType = wrapper.application; includeInIndex = 0; path = Journey.app; sourceTree = BUILT_PRODUCTS_DIR; };
		3DD5559E2EBC3E4400F8C4E2 /* JourneyApp.swift */ = {isa = PBXFileReference; lastKnownFileType = sourcecode.swift; path = JourneyApp.swift; sourceTree = "<group>"; };
		3DD555A02EBC3E4400F8C4E2 /* ContentView.swift */ = {isa = PBXFileReference; lastKnownFileType = sourcecode.swift; path = ContentView.swift; sourceTree = "<group>"; };
		3DD555A22EBC3E4900F8C4E2 /* Assets.xcassets */ = {isa = PBXFileReference; lastKnownFileType = folder.assetcatalog; path = Assets.xcassets; sourceTree = "<group>"; };
		3DD555A52EBC3E4900F8C4E2 /* Preview Assets.xcassets */ = {isa = PBXFileReference; lastKnownFileType = folder.assetcatalog; path = "Preview Assets.xcassets"; sourceTree = "<group>"; };
		72D517F12EC4FE3900E30A27 /* Info.plist */ = {isa = PBXFileReference; lastKnownFileType = text.plist; path = Info.plist; sourceTree = "<group>"; };
/* End PBXFileReference section */

/* Begin PBXFileSystemSynchronizedBuildFileExceptionSet section */
		72F5D8AE2EC4FC7A00A7B529 /* PBXFileSystemSynchronizedBuildFileExceptionSet */ = {
			isa = PBXFileSystemSynchronizedBuildFileExceptionSet;
			membershipExceptions = (
				"IndieFlower-Regular.ttf",
			);
			target = 3DD5559A2EBC3E4400F8C4E2 /* Journey */;
		};
/* End PBXFileSystemSynchronizedBuildFileExceptionSet section */

/* Begin PBXFileSystemSynchronizedRootGroup section */
		728021812EC4A5110050D2FE /* components */ = {isa = PBXFileSystemSynchronizedRootGroup; explicitFileTypes = {}; explicitFolders = (); path = components; sourceTree = "<group>"; };
		72DF96FD2EC49ED000BF856C /* views */ = {isa = PBXFileSystemSynchronizedRootGroup; explicitFileTypes = {}; explicitFolders = (); path = views; sourceTree = "<group>"; };
		72F5D8872EC4B38700A7B529 /* models */ = {isa = PBXFileSystemSynchronizedRootGroup; explicitFileTypes = {}; explicitFolders = (); path = models; sourceTree = "<group>"; };
		72F5D89A2EC4ECF500A7B529 /* managers */ = {isa = PBXFileSystemSynchronizedRootGroup; explicitFileTypes = {}; explicitFolders = (); path = managers; sourceTree = "<group>"; };
		72F5D8A02EC4EF8E00A7B529 /* styles */ = {isa = PBXFileSystemSynchronizedRootGroup; explicitFileTypes = {}; explicitFolders = (); path = styles; sourceTree = "<group>"; };
		72F5D8AB2EC4FC6B00A7B529 /* fonts */ = {isa = PBXFileSystemSynchronizedRootGroup; exceptions = (72F5D8AE2EC4FC7A00A7B529 /* PBXFileSystemSynchronizedBuildFileExceptionSet */, ); explicitFileTypes = {}; explicitFolders = (); path = fonts; sourceTree = "<group>"; };
/* End PBXFileSystemSynchronizedRootGroup section */

/* Begin PBXFrameworksBuildPhase section */
		3DD555982EBC3E4400F8C4E2 /* Frameworks */ = {
			isa = PBXFrameworksBuildPhase;
			buildActionMask = 2147483647;
			files = (
				089AB07E2ECBCB4400BA2AE4 /* ParseObjC in Frameworks */,
				089AB07C2ECBCB4400BA2AE4 /* ParseLiveQuery in Frameworks */,
			);
			runOnlyForDeploymentPostprocessing = 0;
		};
/* End PBXFrameworksBuildPhase section */

/* Begin PBXGroup section */
		3DD555922EBC3E4300F8C4E2 = {
			isa = PBXGroup;
			children = (
				3DD5559D2EBC3E4400F8C4E2 /* Journey */,
				3DD5559C2EBC3E4400F8C4E2 /* Products */,
			);
			sourceTree = "<group>";
		};
		3DD5559C2EBC3E4400F8C4E2 /* Products */ = {
			isa = PBXGroup;
			children = (
				3DD5559B2EBC3E4400F8C4E2 /* Journey.app */,
			);
			name = Products;
			sourceTree = "<group>";
		};
		3DD5559D2EBC3E4400F8C4E2 /* Journey */ = {
			isa = PBXGroup;
			children = (
				72D517F12EC4FE3900E30A27 /* Info.plist */,
				72F5D8A02EC4EF8E00A7B529 /* styles */,
				72F5D89A2EC4ECF500A7B529 /* managers */,
				72F5D8872EC4B38700A7B529 /* models */,
				728021812EC4A5110050D2FE /* components */,
				72DF96FD2EC49ED000BF856C /* views */,
				3DD5559E2EBC3E4400F8C4E2 /* JourneyApp.swift */,
				3DD555A02EBC3E4400F8C4E2 /* ContentView.swift */,
				3DD555A22EBC3E4900F8C4E2 /* Assets.xcassets */,
				3DD555A42EBC3E4900F8C4E2 /* Preview Content */,
				72F5D8AB2EC4FC6B00A7B529 /* fonts */,
			);
			path = Journey;
			sourceTree = "<group>";
		};
		3DD555A42EBC3E4900F8C4E2 /* Preview Content */ = {
			isa = PBXGroup;
			children = (
				3DD555A52EBC3E4900F8C4E2 /* Preview Assets.xcassets */,
			);
			path = "Preview Content";
			sourceTree = "<group>";
		};
/* End PBXGroup section */

/* Begin PBXNativeTarget section */
		3DD5559A2EBC3E4400F8C4E2 /* Journey */ = {
			isa = PBXNativeTarget;
			buildConfigurationList = 3DD555A92EBC3E4900F8C4E2 /* Build configuration list for PBXNativeTarget "Journey" */;
			buildPhases = (
				3DD555972EBC3E4400F8C4E2 /* Sources */,
				3DD555982EBC3E4400F8C4E2 /* Frameworks */,
				3DD555992EBC3E4400F8C4E2 /* Resources */,
			);
			buildRules = (
			);
			dependencies = (
			);
			fileSystemSynchronizedGroups = (
				728021812EC4A5110050D2FE /* components */,
				72DF96FD2EC49ED000BF856C /* views */,
				72F5D8872EC4B38700A7B529 /* models */,
				72F5D89A2EC4ECF500A7B529 /* managers */,
				72F5D8A02EC4EF8E00A7B529 /* styles */,
			);
			name = Journey;
			productName = Journey;
			productReference = 3DD5559B2EBC3E4400F8C4E2 /* Journey.app */;
			productType = "com.apple.product-type.application";
		};
/* End PBXNativeTarget section */

/* Begin PBXProject section */
		3DD555932EBC3E4300F8C4E2 /* Project object */ = {
			isa = PBXProject;
			attributes = {
				BuildIndependentTargetsInParallel = 1;
				LastSwiftUpdateCheck = 1540;
				LastUpgradeCheck = 1540;
				TargetAttributes = {
					3DD5559A2EBC3E4400F8C4E2 = {
						CreatedOnToolsVersion = 15.4;
					};
				};
			};
			buildConfigurationList = 3DD555962EBC3E4400F8C4E2 /* Build configuration list for PBXProject "Journey" */;
			compatibilityVersion = "Xcode 14.0";
			developmentRegion = en;
			hasScannedForEncodings = 0;
			knownRegions = (
				en,
				Base,
			);
			mainGroup = 3DD555922EBC3E4300F8C4E2;
			packageReferences = (
				089AB07A2ECBCB4400BA2AE4 /* XCRemoteSwiftPackageReference "Parse-SDK-iOS-OSX" */,
			);
			productRefGroup = 3DD5559C2EBC3E4400F8C4E2 /* Products */;
			projectDirPath = "";
			projectRoot = "";
			targets = (
				3DD5559A2EBC3E4400F8C4E2 /* Journey */,
			);
		};
/* End PBXProject section */

/* Begin PBXResourcesBuildPhase section */
		3DD555992EBC3E4400F8C4E2 /* Resources */ = {
			isa = PBXResourcesBuildPhase;
			buildActionMask = 2147483647;
			files = (
				3DD555A62EBC3E4900F8C4E2 /* Preview Assets.xcassets in Resources */,
				3DD555A32EBC3E4900F8C4E2 /* Assets.xcassets in Resources */,
			);
			runOnlyForDeploymentPostprocessing = 0;
		};
/* End PBXResourcesBuildPhase section */

/* Begin PBXSourcesBuildPhase section */
		3DD555972EBC3E4400F8C4E2 /* Sources */ = {
			isa = PBXSourcesBuildPhase;
			buildActionMask = 2147483647;
			files = (
				3DD555A12EBC3E4400F8C4E2 /* ContentView.swift in Sources */,
				3DD5559F2EBC3E4400F8C4E2 /* JourneyApp.swift in Sources */,
			);
			runOnlyForDeploymentPostprocessing = 0;
		};
/* End PBXSourcesBuildPhase section */

/* Begin XCBuildConfiguration section */
		3DD555A72EBC3E4900F8C4E2 /* Debug */ = {
			isa = XCBuildConfiguration;
			buildSettings = {
				ALWAYS_SEARCH_USER_PATHS = NO;
				ASSETCATALOG_COMPILER_GENERATE_SWIFT_ASSET_SYMBOL_EXTENSIONS = YES;
				CLANG_ANALYZER_NONNULL = YES;
				CLANG_ANALYZER_NUMBER_OBJECT_CONVERSION = YES_AGGRESSIVE;
				CLANG_CXX_LANGUAGE_STANDARD = "gnu++20";
				CLANG_ENABLE_MODULES = YES;
				CLANG_ENABLE_OBJC_ARC = YES;
				CLANG_ENABLE_OBJC_WEAK = YES;
				CLANG_WARN_BLOCK_CAPTURE_AUTORELEASING = YES;
				CLANG_WARN_BOOL_CONVERSION = YES;
				CLANG_WARN_COMMA = YES;
				CLANG_WARN_CONSTANT_CONVERSION = YES;
				CLANG_WARN_DEPRECATED_OBJC_IMPLEMENTATIONS = YES;
				CLANG_WARN_DIRECT_OBJC_ISA_USAGE = YES_ERROR;
				CLANG_WARN_DOCUMENTATION_COMMENTS = YES;
				CLANG_WARN_EMPTY_BODY = YES;
				CLANG_WARN_ENUM_CONVERSION = YES;
				CLANG_WARN_INFINITE_RECURSION = YES;
				CLANG_WARN_INT_CONVERSION = YES;
				CLANG_WARN_NON_LITERAL_NULL_CONVERSION = YES;
				CLANG_WARN_OBJC_IMPLICIT_RETAIN_SELF = YES;
				CLANG_WARN_OBJC_LITERAL_CONVERSION = YES;
				CLANG_WARN_OBJC_ROOT_CLASS = YES_ERROR;
				CLANG_WARN_QUOTED_INCLUDE_IN_FRAMEWORK_HEADER = YES;
				CLANG_WARN_RANGE_LOOP_ANALYSIS = YES;
				CLANG_WARN_STRICT_PROTOTYPES = YES;
				CLANG_WARN_SUSPICIOUS_MOVE = YES;
				CLANG_WARN_UNGUARDED_AVAILABILITY = YES_AGGRESSIVE;
				CLANG_WARN_UNREACHABLE_CODE = YES;
				CLANG_WARN__DUPLICATE_METHOD_MATCH = YES;
				COPY_PHASE_STRIP = NO;
				DEBUG_INFORMATION_FORMAT = dwarf;
				ENABLE_STRICT_OBJC_MSGSEND = YES;
				ENABLE_TESTABILITY = YES;
				ENABLE_USER_SCRIPT_SANDBOXING = YES;
				GCC_C_LANGUAGE_STANDARD = gnu17;
				GCC_DYNAMIC_NO_PIC = NO;
				GCC_NO_COMMON_BLOCKS = YES;
				GCC_OPTIMIZATION_LEVEL = 0;
				GCC_PREPROCESSOR_DEFINITIONS = (
					"DEBUG=1",
					"$(inherited)",
				);
				GCC_WARN_64_TO_32_BIT_CONVERSION = YES;
				GCC_WARN_ABOUT_RETURN_TYPE = YES_ERROR;
				GCC_WARN_UNDECLARED_SELECTOR = YES;
				GCC_WARN_UNINITIALIZED_AUTOS = YES_AGGRESSIVE;
				GCC_WARN_UNUSED_FUNCTION = YES;
				GCC_WARN_UNUSED_VARIABLE = YES;
				IPHONEOS_DEPLOYMENT_TARGET = 17.5;
				LOCALIZATION_PREFERS_STRING_CATALOGS = YES;
				MTL_ENABLE_DEBUG_INFO = INCLUDE_SOURCE;
				MTL_FAST_MATH = YES;
				ONLY_ACTIVE_ARCH = YES;
				SDKROOT = iphoneos;
				SWIFT_ACTIVE_COMPILATION_CONDITIONS = "DEBUG $(inherited)";
				SWIFT_OPTIMIZATION_LEVEL = "-Onone";
			};
			name = Debug;
		};
		3DD555A82EBC3E4900F8C4E2 /* Release */ = {
			isa = XCBuildConfiguration;
			buildSettings = {
				ALWAYS_SEARCH_USER_PATHS = NO;
				ASSETCATALOG_COMPILER_GENERATE_SWIFT_ASSET_SYMBOL_EXTENSIONS = YES;
				CLANG_ANALYZER_NONNULL = YES;
				CLANG_ANALYZER_NUMBER_OBJECT_CONVERSION = YES_AGGRESSIVE;
				CLANG_CXX_LANGUAGE_STANDARD = "gnu++20";
				CLANG_ENABLE_MODULES = YES;
				CLANG_ENABLE_OBJC_ARC = YES;
				CLANG_ENABLE_OBJC_WEAK = YES;
				CLANG_WARN_BLOCK_CAPTURE_AUTORELEASING = YES;
				CLANG_WARN_BOOL_CONVERSION = YES;
				CLANG_WARN_COMMA = YES;
				CLANG_WARN_CONSTANT_CONVERSION = YES;
				CLANG_WARN_DEPRECATED_OBJC_IMPLEMENTATIONS = YES;
				CLANG_WARN_DIRECT_OBJC_ISA_USAGE = YES_ERROR;
				CLANG_WARN_DOCUMENTATION_COMMENTS = YES;
				CLANG_WARN_EMPTY_BODY = YES;
				CLANG_WARN_ENUM_CONVERSION = YES;
				CLANG_WARN_INFINITE_RECURSION = YES;
				CLANG_WARN_INT_CONVERSION = YES;
				CLANG_WARN_NON_LITERAL_NULL_CONVERSION = YES;
				CLANG_WARN_OBJC_IMPLICIT_RETAIN_SELF = YES;
				CLANG_WARN_OBJC_LITERAL_CONVERSION = YES;
				CLANG_WARN_OBJC_ROOT_CLASS = YES_ERROR;
				CLANG_WARN_QUOTED_INCLUDE_IN_FRAMEWORK_HEADER = YES;
				CLANG_WARN_RANGE_LOOP_ANALYSIS = YES;
				CLANG_WARN_STRICT_PROTOTYPES = YES;
				CLANG_WARN_SUSPICIOUS_MOVE = YES;
				CLANG_WARN_UNGUARDED_AVAILABILITY = YES_AGGRESSIVE;
				CLANG_WARN_UNREACHABLE_CODE = YES;
				CLANG_WARN__DUPLICATE_METHOD_MATCH = YES;
				COPY_PHASE_STRIP = NO;
				DEBUG_INFORMATION_FORMAT = "dwarf-with-dsym";
				ENABLE_NS_ASSERTIONS = NO;
				ENABLE_STRICT_OBJC_MSGSEND = YES;
				ENABLE_USER_SCRIPT_SANDBOXING = YES;
				GCC_C_LANGUAGE_STANDARD = gnu17;
				GCC_NO_COMMON_BLOCKS = YES;
				GCC_WARN_64_TO_32_BIT_CONVERSION = YES;
				GCC_WARN_ABOUT_RETURN_TYPE = YES_ERROR;
				GCC_WARN_UNDECLARED_SELECTOR = YES;
				GCC_WARN_UNINITIALIZED_AUTOS = YES_AGGRESSIVE;
				GCC_WARN_UNUSED_FUNCTION = YES;
				GCC_WARN_UNUSED_VARIABLE = YES;
				IPHONEOS_DEPLOYMENT_TARGET = 17.5;
				LOCALIZATION_PREFERS_STRING_CATALOGS = YES;
				MTL_ENABLE_DEBUG_INFO = NO;
				MTL_FAST_MATH = YES;
				SDKROOT = iphoneos;
				SWIFT_COMPILATION_MODE = wholemodule;
				VALIDATE_PRODUCT = YES;
			};
			name = Release;
		};
		3DD555AA2EBC3E4900F8C4E2 /* Debug */ = {
			isa = XCBuildConfiguration;
			buildSettings = {
				ASSETCATALOG_COMPILER_APPICON_NAME = AppIcon;
				ASSETCATALOG_COMPILER_GLOBAL_ACCENT_COLOR_NAME = AccentColor;
				CODE_SIGN_STYLE = Automatic;
				CURRENT_PROJECT_VERSION = 1;
				DEVELOPMENT_ASSET_PATHS = "\"Journey/Preview Content\"";
				DEVELOPMENT_TEAM = 2WRH48XVUZ;
				ENABLE_PREVIEWS = YES;
				GENERATE_INFOPLIST_FILE = YES;
				INFOPLIST_FILE = Journey/Info.plist;
				INFOPLIST_KEY_NSLocationAlwaysAndWhenInUseUsageDescription = "This app needs your location to show it on the map.";
				INFOPLIST_KEY_NSLocationWhenInUseUsageDescription = "We need your location to tag where you wrote your journal entries.";
				INFOPLIST_KEY_UIApplicationSceneManifest_Generation = YES;
				INFOPLIST_KEY_UIApplicationSupportsIndirectInputEvents = YES;
				INFOPLIST_KEY_UILaunchScreen_Generation = YES;
				INFOPLIST_KEY_UISupportedInterfaceOrientations_iPad = "UIInterfaceOrientationPortrait UIInterfaceOrientationPortraitUpsideDown UIInterfaceOrientationLandscapeLeft UIInterfaceOrientationLandscapeRight";
				INFOPLIST_KEY_UISupportedInterfaceOrientations_iPhone = "UIInterfaceOrientationPortrait UIInterfaceOrientationLandscapeLeft UIInterfaceOrientationLandscapeRight";
				LD_RUNPATH_SEARCH_PATHS = (
					"$(inherited)",
					"@executable_path/Frameworks",
				);
				MARKETING_VERSION = 1.0;
				PRODUCT_BUNDLE_IDENTIFIER = com.Abhijeet.Journey;
				PRODUCT_NAME = "$(TARGET_NAME)";
				SWIFT_EMIT_LOC_STRINGS = YES;
				SWIFT_VERSION = 5.0;
				TARGETED_DEVICE_FAMILY = "1,2";
			};
			name = Debug;
		};
		3DD555AB2EBC3E4900F8C4E2 /* Release */ = {
			isa = XCBuildConfiguration;
			buildSettings = {
				ASSETCATALOG_COMPILER_APPICON_NAME = AppIcon;
				ASSETCATALOG_COMPILER_GLOBAL_ACCENT_COLOR_NAME = AccentColor;
				CODE_SIGN_STYLE = Automatic;
				CURRENT_PROJECT_VERSION = 1;
				DEVELOPMENT_ASSET_PATHS = "\"Journey/Preview Content\"";
				DEVELOPMENT_TEAM = 2WRH48XVUZ;
				ENABLE_PREVIEWS = YES;
				GENERATE_INFOPLIST_FILE = YES;
				INFOPLIST_FILE = Journey/Info.plist;
				INFOPLIST_KEY_NSLocationAlwaysAndWhenInUseUsageDescription = "This app needs your location to show it on the map.";
				INFOPLIST_KEY_NSLocationWhenInUseUsageDescription = "We need your location to tag where you wrote your journal entries.";
				INFOPLIST_KEY_UIApplicationSceneManifest_Generation = YES;
				INFOPLIST_KEY_UIApplicationSupportsIndirectInputEvents = YES;
				INFOPLIST_KEY_UILaunchScreen_Generation = YES;
				INFOPLIST_KEY_UISupportedInterfaceOrientations_iPad = "UIInterfaceOrientationPortrait UIInterfaceOrientationPortraitUpsideDown UIInterfaceOrientationLandscapeLeft UIInterfaceOrientationLandscapeRight";
				INFOPLIST_KEY_UISupportedInterfaceOrientations_iPhone = "UIInterfaceOrientationPortrait UIInterfaceOrientationLandscapeLeft UIInterfaceOrientationLandscapeRight";
				LD_RUNPATH_SEARCH_PATHS = (
					"$(inherited)",
					"@executable_path/Frameworks",
				);
				MARKETING_VERSION = 1.0;
				PRODUCT_BUNDLE_IDENTIFIER = com.Abhijeet.Journey;
				PRODUCT_NAME = "$(TARGET_NAME)";
				SWIFT_EMIT_LOC_STRINGS = YES;
				SWIFT_VERSION = 5.0;
				TARGETED_DEVICE_FAMILY = "1,2";
			};
			name = Release;
		};
/* End XCBuildConfiguration section */

/* Begin XCConfigurationList section */
		3DD555962EBC3E4400F8C4E2 /* Build configuration list for PBXProject "Journey" */ = {
			isa = XCConfigurationList;
			buildConfigurations = (
				3DD555A72EBC3E4900F8C4E2 /* Debug */,
				3DD555A82EBC3E4900F8C4E2 /* Release */,
			);
			defaultConfigurationIsVisible = 0;
			defaultConfigurationName = Release;
		};
		3DD555A92EBC3E4900F8C4E2 /* Build configuration list for PBXNativeTarget "Journey" */ = {
			isa = XCConfigurationList;
			buildConfigurations = (
				3DD555AA2EBC3E4900F8C4E2 /* Debug */,
				3DD555AB2EBC3E4900F8C4E2 /* Release */,
			);
			defaultConfigurationIsVisible = 0;
			defaultConfigurationName = Release;
		};
/* End XCConfigurationList section */

/* Begin XCRemoteSwiftPackageReference section */
		089AB07A2ECBCB4400BA2AE4 /* XCRemoteSwiftPackageReference "Parse-SDK-iOS-OSX" */ = {
			isa = XCRemoteSwiftPackageReference;
			repositoryURL = "https://github.com/parse-community/Parse-SDK-iOS-OSX";
			requirement = {
				kind = upToNextMajorVersion;
				minimumVersion = 6.0.1;
			};
		};
/* End XCRemoteSwiftPackageReference section */

/* Begin XCSwiftPackageProductDependency section */
		089AB07B2ECBCB4400BA2AE4 /* ParseLiveQuery */ = {
			isa = XCSwiftPackageProductDependency;
			package = 089AB07A2ECBCB4400BA2AE4 /* XCRemoteSwiftPackageReference "Parse-SDK-iOS-OSX" */;
			productName = ParseLiveQuery;
		};
		089AB07D2ECBCB4400BA2AE4 /* ParseObjC */ = {
			isa = XCSwiftPackageProductDependency;
			package = 089AB07A2ECBCB4400BA2AE4 /* XCRemoteSwiftPackageReference "Parse-SDK-iOS-OSX" */;
			productName = ParseObjC;
		};
/* End XCSwiftPackageProductDependency section */
	};
	rootObject = 3DD555932EBC3E4300F8C4E2 /* Project object */;
}
